# novo.lock — auto-generated by novo pkg, do not edit

[ansi-nv]
source = "registry"
url = "https://registry.novo-lang.org"
req = "^0.0.1"
version = "0.0.1"
hash = "baa15b4cfde5aca61c11beeb110d62f4b8b9b0916c93f582301a8a0b43079817"

[textwrap-nv]
source = "registry"
url = "https://registry.novo-lang.org"
req = "^0.0.1"
version = "0.0.1"
hash = "42ec18b29d59808bf0f659f39daf4c09223d7da379276136900db8c4aa236a7b"
